// !$*UTF8*$!
{
	archiveVersion = 1;
	classes = {
	};
	objectVersion = 56;
	objects = {

/* Begin PBXBuildFile section */
		CE0644232AE83AB500703291 /* Services.swift in Sources */ = {isa = PBXBuildFile; fileRef = CE0644222AE83AB500703291 /* Services.swift */; };
		CE0644252AE83ABC00703291 /* Protocols.swift in Sources */ = {isa = PBXBuildFile; fileRef = CE0644242AE83ABC00703291 /* Protocols.swift */; };
		CE0644262AE83B3B00703291 /* Protocols.swift in Sources */ = {isa = PBXBuildFile; fileRef = CE0644242AE83ABC00703291 /* Protocols.swift */; };
		CE9F876A2AE80F9200953ABA /* AppDelegate.swift in Sources */ = {isa = PBXBuildFile; fileRef = CE9F87692AE80F9200953ABA /* AppDelegate.swift */; };
		CE9F876E2AE80F9300953ABA /* Assets.xcassets in Resources */ = {isa = PBXBuildFile; fileRef = CE9F876D2AE80F9300953ABA /* Assets.xcassets */; };
		CE9F87792AE80FED00953ABA /* Client.swift in Sources */ = {isa = PBXBuildFile; fileRef = CE9F87782AE80FED00953ABA /* Client.swift */; };
		CE9F877C2AE8102B00953ABA /* Constants.swift in Sources */ = {isa = PBXBuildFile; fileRef = CE9F877B2AE8102B00953ABA /* Constants.swift */; };
		CE9F87842AE810C700953ABA /* main.swift in Sources */ = {isa = PBXBuildFile; fileRef = CE9F87832AE810C700953ABA /* main.swift */; };
		CE9F87892AE8110E00953ABA /* Server.swift in Sources */ = {isa = PBXBuildFile; fileRef = CE9F87882AE8110E00953ABA /* Server.swift */; };
		CE9F878A2AE8117D00953ABA /* Constants.swift in Sources */ = {isa = PBXBuildFile; fileRef = CE9F877B2AE8102B00953ABA /* Constants.swift */; };
		CE9F878E2AE811E000953ABA /* com.serena.Serph.helper in CopyFiles */ = {isa = PBXBuildFile; fileRef = CE9F87812AE810C700953ABA /* com.serena.Serph.helper */; settings = {ATTRIBUTES = (CodeSignOnCopy, ); }; };
		CE9F87922AE812EC00953ABA /* BlessHelper.swift in Sources */ = {isa = PBXBuildFile; fileRef = CE9F87912AE812EC00953ABA /* BlessHelper.swift */; };
		CEE958E12AE854400050D79A /* TriggerMonitor.swift in Sources */ = {isa = PBXBuildFile; fileRef = CEE958E02AE854400050D79A /* TriggerMonitor.swift */; };
		CEEFA32C2AE855DA00D96D81 /* Preferences.swift in Sources */ = {isa = PBXBuildFile; fileRef = CEEFA32B2AE855DA00D96D81 /* Preferences.swift */; };
		CEFCD8CC2AE93C7500F1EFC9 /* ApplicationsTrigger.swift in Sources */ = {isa = PBXBuildFile; fileRef = CEFCD8CB2AE93C7500F1EFC9 /* ApplicationsTrigger.swift */; };
		CEFCD8D02AE942B000F1EFC9 /* WindowController.swift in Sources */ = {isa = PBXBuildFile; fileRef = CEFCD8CF2AE942B000F1EFC9 /* WindowController.swift */; };
		CEFCD8D22AE9435800F1EFC9 /* PreferencesView.swift in Sources */ = {isa = PBXBuildFile; fileRef = CEFCD8D12AE9435800F1EFC9 /* PreferencesView.swift */; };
/* End PBXBuildFile section */

/* Begin PBXContainerItemProxy section */
		CE9F878B2AE811C000953ABA /* PBXContainerItemProxy */ = {
			isa = PBXContainerItemProxy;
			containerPortal = CE9F875E2AE80F9200953ABA /* Project object */;
			proxyType = 1;
			remoteGlobalIDString = CE9F87802AE810C700953ABA;
			remoteInfo = Helper;
		};
/* End PBXContainerItemProxy section */

/* Begin PBXCopyFilesBuildPhase section */
		CE9F877F2AE810C700953ABA /* CopyFiles */ = {
			isa = PBXCopyFilesBuildPhase;
			buildActionMask = 2147483647;
			dstPath = /usr/share/man/man1/;
			dstSubfolderSpec = 0;
			files = (
			);
			runOnlyForDeploymentPostprocessing = 1;
		};
		CE9F878D2AE811C800953ABA /* CopyFiles */ = {
			isa = PBXCopyFilesBuildPhase;
			buildActionMask = 2147483647;
			dstPath = Contents/Library/LaunchServices;
			dstSubfolderSpec = 1;
			files = (
				CE9F878E2AE811E000953ABA /* com.serena.Serph.helper in CopyFiles */,
			);
			runOnlyForDeploymentPostprocessing = 0;
		};
/* End PBXCopyFilesBuildPhase section */

/* Begin PBXFileReference section */
		CE0644222AE83AB500703291 /* Services.swift */ = {isa = PBXFileReference; lastKnownFileType = sourcecode.swift; path = Services.swift; sourceTree = "<group>"; };
		CE0644242AE83ABC00703291 /* Protocols.swift */ = {isa = PBXFileReference; lastKnownFileType = sourcecode.swift; path = Protocols.swift; sourceTree = "<group>"; };
		CE9F87662AE80F9200953ABA /* Serph.app */ = {isa = PBXFileReference; explicitFileType = wrapper.application; includeInIndex = 0; path = Serph.app; sourceTree = BUILT_PRODUCTS_DIR; };
		CE9F87692AE80F9200953ABA /* AppDelegate.swift */ = {isa = PBXFileReference; lastKnownFileType = sourcecode.swift; path = AppDelegate.swift; sourceTree = "<group>"; };
		CE9F876D2AE80F9300953ABA /* Assets.xcassets */ = {isa = PBXFileReference; lastKnownFileType = folder.assetcatalog; path = Assets.xcassets; sourceTree = "<group>"; };
		CE9F87722AE80F9300953ABA /* Serph.entitlements */ = {isa = PBXFileReference; lastKnownFileType = text.plist.entitlements; path = Serph.entitlements; sourceTree = "<group>"; };
		CE9F87782AE80FED00953ABA /* Client.swift */ = {isa = PBXFileReference; lastKnownFileType = sourcecode.swift; path = Client.swift; sourceTree = "<group>"; };
		CE9F877B2AE8102B00953ABA /* Constants.swift */ = {isa = PBXFileReference; lastKnownFileType = sourcecode.swift; path = Constants.swift; sourceTree = "<group>"; };
		CE9F87812AE810C700953ABA /* com.serena.Serph.helper */ = {isa = PBXFileReference; explicitFileType = "compiled.mach-o.executable"; includeInIndex = 0; path = com.serena.Serph.helper; sourceTree = BUILT_PRODUCTS_DIR; };
		CE9F87832AE810C700953ABA /* main.swift */ = {isa = PBXFileReference; lastKnownFileType = sourcecode.swift; path = main.swift; sourceTree = "<group>"; };
		CE9F87882AE8110E00953ABA /* Server.swift */ = {isa = PBXFileReference; lastKnownFileType = sourcecode.swift; path = Server.swift; sourceTree = "<group>"; };
		CE9F878F2AE8127500953ABA /* launchd.plist */ = {isa = PBXFileReference; fileEncoding = 4; lastKnownFileType = text.plist.xml; path = launchd.plist; sourceTree = "<group>"; };
		CE9F87902AE8127500953ABA /* Info.plist */ = {isa = PBXFileReference; fileEncoding = 4; lastKnownFileType = text.plist.xml; path = Info.plist; sourceTree = "<group>"; };
		CE9F87912AE812EC00953ABA /* BlessHelper.swift */ = {isa = PBXFileReference; lastKnownFileType = sourcecode.swift; path = BlessHelper.swift; sourceTree = "<group>"; };
		CE9F87932AE8144500953ABA /* Info.plist */ = {isa = PBXFileReference; lastKnownFileType = text.plist; path = Info.plist; sourceTree = "<group>"; };
		CEE958DF2AE8497E0050D79A /* Bridge.h */ = {isa = PBXFileReference; lastKnownFileType = sourcecode.c.h; path = Bridge.h; sourceTree = "<group>"; };
		CEE958E02AE854400050D79A /* TriggerMonitor.swift */ = {isa = PBXFileReference; lastKnownFileType = sourcecode.swift; path = TriggerMonitor.swift; sourceTree = "<group>"; };
		CEEFA32B2AE855DA00D96D81 /* Preferences.swift */ = {isa = PBXFileReference; lastKnownFileType = sourcecode.swift; path = Preferences.swift; sourceTree = "<group>"; };
		CEFCD8CB2AE93C7500F1EFC9 /* ApplicationsTrigger.swift */ = {isa = PBXFileReference; lastKnownFileType = sourcecode.swift; path = ApplicationsTrigger.swift; sourceTree = "<group>"; };
		CEFCD8CF2AE942B000F1EFC9 /* WindowController.swift */ = {isa = PBXFileReference; lastKnownFileType = sourcecode.swift; path = WindowController.swift; sourceTree = "<group>"; };
		CEFCD8D12AE9435800F1EFC9 /* PreferencesView.swift */ = {isa = PBXFileReference; lastKnownFileType = sourcecode.swift; path = PreferencesView.swift; sourceTree = "<group>"; };
/* End PBXFileReference section */

/* Begin PBXFrameworksBuildPhase section */
		CE9F87632AE80F9200953ABA /* Frameworks */ = {
			isa = PBXFrameworksBuildPhase;
			buildActionMask = 2147483647;
			files = (
			);
			runOnlyForDeploymentPostprocessing = 0;
		};
		CE9F877E2AE810C700953ABA /* Frameworks */ = {
			isa = PBXFrameworksBuildPhase;
			buildActionMask = 2147483647;
			files = (
			);
			runOnlyForDeploymentPostprocessing = 0;
		};
/* End PBXFrameworksBuildPhase section */

/* Begin PBXGroup section */
		CE9F875D2AE80F9200953ABA = {
			isa = PBXGroup;
			children = (
				CE9F87682AE80F9200953ABA /* Serph */,
				CE9F877A2AE8101C00953ABA /* Shared */,
				CE9F87822AE810C700953ABA /* Helper */,
				CE9F87672AE80F9200953ABA /* Products */,
			);
			sourceTree = "<group>";
		};
		CE9F87672AE80F9200953ABA /* Products */ = {
			isa = PBXGroup;
			children = (
				CE9F87662AE80F9200953ABA /* Serph.app */,
				CE9F87812AE810C700953ABA /* com.serena.Serph.helper */,
			);
			name = Products;
			sourceTree = "<group>";
		};
		CE9F87682AE80F9200953ABA /* Serph */ = {
			isa = PBXGroup;
			children = (
				CE9F87932AE8144500953ABA /* Info.plist */,
				CE9F87692AE80F9200953ABA /* AppDelegate.swift */,
				CEFCD8CF2AE942B000F1EFC9 /* WindowController.swift */,
				CEFCD8D12AE9435800F1EFC9 /* PreferencesView.swift */,
				CEFCD8CD2AE940DD00F1EFC9 /* DaemonHelper */,
				CEFCD8CE2AE9410100F1EFC9 /* Triggers */,
				CEEFA32B2AE855DA00D96D81 /* Preferences.swift */,
				CE9F876D2AE80F9300953ABA /* Assets.xcassets */,
				CE9F87722AE80F9300953ABA /* Serph.entitlements */,
			);
			path = Serph;
			sourceTree = "<group>";
		};
		CE9F877A2AE8101C00953ABA /* Shared */ = {
			isa = PBXGroup;
			children = (
				CE9F877B2AE8102B00953ABA /* Constants.swift */,
				CE0644242AE83ABC00703291 /* Protocols.swift */,
			);
			path = Shared;
			sourceTree = "<group>";
		};
		CE9F87822AE810C700953ABA /* Helper */ = {
			isa = PBXGroup;
			children = (
				CE9F87832AE810C700953ABA /* main.swift */,
				CE9F87882AE8110E00953ABA /* Server.swift */,
				CE0644222AE83AB500703291 /* Services.swift */,
				CEE958DF2AE8497E0050D79A /* Bridge.h */,
				CE9F87902AE8127500953ABA /* Info.plist */,
				CE9F878F2AE8127500953ABA /* launchd.plist */,
			);
			path = Helper;
			sourceTree = "<group>";
		};
		CEFCD8CD2AE940DD00F1EFC9 /* DaemonHelper */ = {
			isa = PBXGroup;
			children = (
				CE9F87912AE812EC00953ABA /* BlessHelper.swift */,
				CE9F87782AE80FED00953ABA /* Client.swift */,
			);
			path = DaemonHelper;
			sourceTree = "<group>";
		};
		CEFCD8CE2AE9410100F1EFC9 /* Triggers */ = {
			isa = PBXGroup;
			children = (
				CEE958E02AE854400050D79A /* TriggerMonitor.swift */,
				CEFCD8CB2AE93C7500F1EFC9 /* ApplicationsTrigger.swift */,
			);
			path = Triggers;
			sourceTree = "<group>";
		};
/* End PBXGroup section */

/* Begin PBXNativeTarget section */
		CE9F87652AE80F9200953ABA /* Serph */ = {
			isa = PBXNativeTarget;
			buildConfigurationList = CE9F87752AE80F9300953ABA /* Build configuration list for PBXNativeTarget "Serph" */;
			buildPhases = (
				CE9F87622AE80F9200953ABA /* Sources */,
				CE9F87632AE80F9200953ABA /* Frameworks */,
				CE9F87642AE80F9200953ABA /* Resources */,
				CE9F878D2AE811C800953ABA /* CopyFiles */,
			);
			buildRules = (
			);
			dependencies = (
				CE9F878C2AE811C000953ABA /* PBXTargetDependency */,
			);
			name = Serph;
			productName = Serph;
			productReference = CE9F87662AE80F9200953ABA /* Serph.app */;
			productType = "com.apple.product-type.application";
		};
		CE9F87802AE810C700953ABA /* Helper */ = {
			isa = PBXNativeTarget;
			buildConfigurationList = CE9F87852AE810C700953ABA /* Build configuration list for PBXNativeTarget "Helper" */;
			buildPhases = (
				CE9F877D2AE810C700953ABA /* Sources */,
				CE9F877E2AE810C700953ABA /* Frameworks */,
				CE9F877F2AE810C700953ABA /* CopyFiles */,
			);
			buildRules = (
			);
			dependencies = (
			);
			name = Helper;
			productName = Helper;
			productReference = CE9F87812AE810C700953ABA /* com.serena.Serph.helper */;
			productType = "com.apple.product-type.tool";
		};
/* End PBXNativeTarget section */

/* Begin PBXProject section */
		CE9F875E2AE80F9200953ABA /* Project object */ = {
			isa = PBXProject;
			attributes = {
				BuildIndependentTargetsInParallel = 1;
				LastSwiftUpdateCheck = 1500;
				LastUpgradeCheck = 1500;
				TargetAttributes = {
					CE9F87652AE80F9200953ABA = {
						CreatedOnToolsVersion = 15.0;
					};
					CE9F87802AE810C700953ABA = {
						CreatedOnToolsVersion = 15.0;
					};
				};
			};
			buildConfigurationList = CE9F87612AE80F9200953ABA /* Build configuration list for PBXProject "Serph" */;
			compatibilityVersion = "Xcode 14.0";
			developmentRegion = en;
			hasScannedForEncodings = 0;
			knownRegions = (
				en,
				Base,
			);
			mainGroup = CE9F875D2AE80F9200953ABA;
			productRefGroup = CE9F87672AE80F9200953ABA /* Products */;
			projectDirPath = "";
			projectRoot = "";
			targets = (
				CE9F87652AE80F9200953ABA /* Serph */,
				CE9F87802AE810C700953ABA /* Helper */,
			);
		};
/* End PBXProject section */

/* Begin PBXResourcesBuildPhase section */
		CE9F87642AE80F9200953ABA /* Resources */ = {
			isa = PBXResourcesBuildPhase;
			buildActionMask = 2147483647;
			files = (
				CE9F876E2AE80F9300953ABA /* Assets.xcassets in Resources */,
			);
			runOnlyForDeploymentPostprocessing = 0;
		};
/* End PBXResourcesBuildPhase section */

/* Begin PBXSourcesBuildPhase section */
		CE9F87622AE80F9200953ABA /* Sources */ = {
			isa = PBXSourcesBuildPhase;
			buildActionMask = 2147483647;
			files = (
				CE9F87792AE80FED00953ABA /* Client.swift in Sources */,
				CEEFA32C2AE855DA00D96D81 /* Preferences.swift in Sources */,
				CE9F87922AE812EC00953ABA /* BlessHelper.swift in Sources */,
				CE0644262AE83B3B00703291 /* Protocols.swift in Sources */,
				CEFCD8D02AE942B000F1EFC9 /* WindowController.swift in Sources */,
				CEFCD8D22AE9435800F1EFC9 /* PreferencesView.swift in Sources */,
				CE9F876A2AE80F9200953ABA /* AppDelegate.swift in Sources */,
				CEE958E12AE854400050D79A /* TriggerMonitor.swift in Sources */,
				CE9F877C2AE8102B00953ABA /* Constants.swift in Sources */,
				CEFCD8CC2AE93C7500F1EFC9 /* ApplicationsTrigger.swift in Sources */,
			);
			runOnlyForDeploymentPostprocessing = 0;
		};
		CE9F877D2AE810C700953ABA /* Sources */ = {
			isa = PBXSourcesBuildPhase;
			buildActionMask = 2147483647;
			files = (
				CE0644252AE83ABC00703291 /* Protocols.swift in Sources */,
				CE9F87892AE8110E00953ABA /* Server.swift in Sources */,
				CE0644232AE83AB500703291 /* Services.swift in Sources */,
				CE9F87842AE810C700953ABA /* main.swift in Sources */,
				CE9F878A2AE8117D00953ABA /* Constants.swift in Sources */,
			);
			runOnlyForDeploymentPostprocessing = 0;
		};
/* End PBXSourcesBuildPhase section */

/* Begin PBXTargetDependency section */
		CE9F878C2AE811C000953ABA /* PBXTargetDependency */ = {
			isa = PBXTargetDependency;
			target = CE9F87802AE810C700953ABA /* Helper */;
			targetProxy = CE9F878B2AE811C000953ABA /* PBXContainerItemProxy */;
		};
/* End PBXTargetDependency section */

/* Begin XCBuildConfiguration section */
		CE9F87732AE80F9300953ABA /* Debug */ = {
			isa = XCBuildConfiguration;
			buildSettings = {
				ALWAYS_SEARCH_USER_PATHS = NO;
				ASSETCATALOG_COMPILER_GENERATE_SWIFT_ASSET_SYMBOL_EXTENSIONS = YES;
				CLANG_ANALYZER_NONNULL = YES;
				CLANG_ANALYZER_NUMBER_OBJECT_CONVERSION = YES_AGGRESSIVE;
				CLANG_CXX_LANGUAGE_STANDARD = "gnu++20";
				CLANG_ENABLE_MODULES = YES;
				CLANG_ENABLE_OBJC_ARC = YES;
				CLANG_ENABLE_OBJC_WEAK = YES;
				CLANG_WARN_BLOCK_CAPTURE_AUTORELEASING = YES;
				CLANG_WARN_BOOL_CONVERSION = YES;
				CLANG_WARN_COMMA = YES;
				CLANG_WARN_CONSTANT_CONVERSION = YES;
				CLANG_WARN_DEPRECATED_OBJC_IMPLEMENTATIONS = YES;
				CLANG_WARN_DIRECT_OBJC_ISA_USAGE = YES_ERROR;
				CLANG_WARN_DOCUMENTATION_COMMENTS = YES;
				CLANG_WARN_EMPTY_BODY = YES;
				CLANG_WARN_ENUM_CONVERSION = YES;
				CLANG_WARN_INFINITE_RECURSION = YES;
				CLANG_WARN_INT_CONVERSION = YES;
				CLANG_WARN_NON_LITERAL_NULL_CONVERSION = YES;
				CLANG_WARN_OBJC_IMPLICIT_RETAIN_SELF = YES;
				CLANG_WARN_OBJC_LITERAL_CONVERSION = YES;
				CLANG_WARN_OBJC_ROOT_CLASS = YES_ERROR;
				CLANG_WARN_QUOTED_INCLUDE_IN_FRAMEWORK_HEADER = YES;
				CLANG_WARN_RANGE_LOOP_ANALYSIS = YES;
				CLANG_WARN_STRICT_PROTOTYPES = YES;
				CLANG_WARN_SUSPICIOUS_MOVE = YES;
				CLANG_WARN_UNGUARDED_AVAILABILITY = YES_AGGRESSIVE;
				CLANG_WARN_UNREACHABLE_CODE = YES;
				CLANG_WARN__DUPLICATE_METHOD_MATCH = YES;
				COPY_PHASE_STRIP = NO;
				DEBUG_INFORMATION_FORMAT = dwarf;
				ENABLE_STRICT_OBJC_MSGSEND = YES;
				ENABLE_TESTABILITY = YES;
				ENABLE_USER_SCRIPT_SANDBOXING = YES;
				GCC_C_LANGUAGE_STANDARD = gnu17;
				GCC_DYNAMIC_NO_PIC = NO;
				GCC_NO_COMMON_BLOCKS = YES;
				GCC_OPTIMIZATION_LEVEL = 0;
				GCC_PREPROCESSOR_DEFINITIONS = (
					"DEBUG=1",
					"$(inherited)",
				);
				GCC_WARN_64_TO_32_BIT_CONVERSION = YES;
				GCC_WARN_ABOUT_RETURN_TYPE = YES_ERROR;
				GCC_WARN_UNDECLARED_SELECTOR = YES;
				GCC_WARN_UNINITIALIZED_AUTOS = YES_AGGRESSIVE;
				GCC_WARN_UNUSED_FUNCTION = YES;
				GCC_WARN_UNUSED_VARIABLE = YES;
				LOCALIZATION_PREFERS_STRING_CATALOGS = YES;
				MACOSX_DEPLOYMENT_TARGET = 14.0;
				MTL_ENABLE_DEBUG_INFO = INCLUDE_SOURCE;
				MTL_FAST_MATH = YES;
				ONLY_ACTIVE_ARCH = YES;
				SDKROOT = macosx;
				SWIFT_ACTIVE_COMPILATION_CONDITIONS = "DEBUG $(inherited)";
				SWIFT_OPTIMIZATION_LEVEL = "-Onone";
			};
			name = Debug;
		};
		CE9F87742AE80F9300953ABA /* Release */ = {
			isa = XCBuildConfiguration;
			buildSettings = {
				ALWAYS_SEARCH_USER_PATHS = NO;
				ASSETCATALOG_COMPILER_GENERATE_SWIFT_ASSET_SYMBOL_EXTENSIONS = YES;
				CLANG_ANALYZER_NONNULL = YES;
				CLANG_ANALYZER_NUMBER_OBJECT_CONVERSION = YES_AGGRESSIVE;
				CLANG_CXX_LANGUAGE_STANDARD = "gnu++20";
				CLANG_ENABLE_MODULES = YES;
				CLANG_ENABLE_OBJC_ARC = YES;
				CLANG_ENABLE_OBJC_WEAK = YES;
				CLANG_WARN_BLOCK_CAPTURE_AUTORELEASING = YES;
				CLANG_WARN_BOOL_CONVERSION = YES;
				CLANG_WARN_COMMA = YES;
				CLANG_WARN_CONSTANT_CONVERSION = YES;
				CLANG_WARN_DEPRECATED_OBJC_IMPLEMENTATIONS = YES;
				CLANG_WARN_DIRECT_OBJC_ISA_USAGE = YES_ERROR;
				CLANG_WARN_DOCUMENTATION_COMMENTS = YES;
				CLANG_WARN_EMPTY_BODY = YES;
				CLANG_WARN_ENUM_CONVERSION = YES;
				CLANG_WARN_INFINITE_RECURSION = YES;
				CLANG_WARN_INT_CONVERSION = YES;
				CLANG_WARN_NON_LITERAL_NULL_CONVERSION = YES;
				CLANG_WARN_OBJC_IMPLICIT_RETAIN_SELF = YES;
				CLANG_WARN_OBJC_LITERAL_CONVERSION = YES;
				CLANG_WARN_OBJC_ROOT_CLASS = YES_ERROR;
				CLANG_WARN_QUOTED_INCLUDE_IN_FRAMEWORK_HEADER = YES;
				CLANG_WARN_RANGE_LOOP_ANALYSIS = YES;
				CLANG_WARN_STRICT_PROTOTYPES = YES;
				CLANG_WARN_SUSPICIOUS_MOVE = YES;
				CLANG_WARN_UNGUARDED_AVAILABILITY = YES_AGGRESSIVE;
				CLANG_WARN_UNREACHABLE_CODE = YES;
				CLANG_WARN__DUPLICATE_METHOD_MATCH = YES;
				COPY_PHASE_STRIP = NO;
				DEBUG_INFORMATION_FORMAT = "dwarf-with-dsym";
				ENABLE_NS_ASSERTIONS = NO;
				ENABLE_STRICT_OBJC_MSGSEND = YES;
				ENABLE_USER_SCRIPT_SANDBOXING = YES;
				GCC_C_LANGUAGE_STANDARD = gnu17;
				GCC_NO_COMMON_BLOCKS = YES;
				GCC_WARN_64_TO_32_BIT_CONVERSION = YES;
				GCC_WARN_ABOUT_RETURN_TYPE = YES_ERROR;
				GCC_WARN_UNDECLARED_SELECTOR = YES;
				GCC_WARN_UNINITIALIZED_AUTOS = YES_AGGRESSIVE;
				GCC_WARN_UNUSED_FUNCTION = YES;
				GCC_WARN_UNUSED_VARIABLE = YES;
				LOCALIZATION_PREFERS_STRING_CATALOGS = YES;
				MACOSX_DEPLOYMENT_TARGET = 14.0;
				MTL_ENABLE_DEBUG_INFO = NO;
				MTL_FAST_MATH = YES;
				SDKROOT = macosx;
				SWIFT_COMPILATION_MODE = wholemodule;
			};
			name = Release;
		};
		CE9F87762AE80F9300953ABA /* Debug */ = {
			isa = XCBuildConfiguration;
			buildSettings = {
				ASSETCATALOG_COMPILER_APPICON_NAME = AppIcon;
				ASSETCATALOG_COMPILER_GLOBAL_ACCENT_COLOR_NAME = AccentColor;
				CODE_SIGN_ENTITLEMENTS = Serph/Serph.entitlements;
				CODE_SIGN_IDENTITY = "Mac Developer";
				CODE_SIGN_STYLE = Automatic;
				COMBINE_HIDPI_IMAGES = YES;
				CURRENT_PROJECT_VERSION = 1;
				DEVELOPMENT_TEAM = 82CWTJRJZZ;
				ENABLE_HARDENED_RUNTIME = YES;
				GENERATE_INFOPLIST_FILE = YES;
				INFOPLIST_FILE = Serph/Info.plist;
				INFOPLIST_KEY_NSHumanReadableCopyright = "";
				INFOPLIST_KEY_NSPrincipalClass = NSApplication;
				LD_RUNPATH_SEARCH_PATHS = (
					"$(inherited)",
					"@executable_path/../Frameworks",
				);
				MACOSX_DEPLOYMENT_TARGET = 11.0;
				MARKETING_VERSION = 1.1;
				PRODUCT_BUNDLE_IDENTIFIER = com.serena.Serph;
				PRODUCT_NAME = "$(TARGET_NAME)";
				SWIFT_EMIT_LOC_STRINGS = YES;
				SWIFT_VERSION = 5.0;
			};
			name = Debug;
		};
		CE9F87772AE80F9300953ABA /* Release */ = {
			isa = XCBuildConfiguration;
			buildSettings = {
				ASSETCATALOG_COMPILER_APPICON_NAME = AppIcon;
				ASSETCATALOG_COMPILER_GLOBAL_ACCENT_COLOR_NAME = AccentColor;
				CODE_SIGN_ENTITLEMENTS = Serph/Serph.entitlements;
				CODE_SIGN_IDENTITY = "Mac Developer";
				CODE_SIGN_STYLE = Automatic;
				COMBINE_HIDPI_IMAGES = YES;
				CURRENT_PROJECT_VERSION = 1;
				DEVELOPMENT_TEAM = 82CWTJRJZZ;
				ENABLE_HARDENED_RUNTIME = YES;
				GENERATE_INFOPLIST_FILE = YES;
				INFOPLIST_FILE = Serph/Info.plist;
				INFOPLIST_KEY_NSHumanReadableCopyright = "";
				INFOPLIST_KEY_NSPrincipalClass = NSApplication;
				LD_RUNPATH_SEARCH_PATHS = (
					"$(inherited)",
					"@executable_path/../Frameworks",
				);
				MACOSX_DEPLOYMENT_TARGET = 11.0;
				MARKETING_VERSION = 1.1;
				PRODUCT_BUNDLE_IDENTIFIER = com.serena.Serph;
				PRODUCT_NAME = "$(TARGET_NAME)";
				SWIFT_EMIT_LOC_STRINGS = YES;
				SWIFT_VERSION = 5.0;
			};
			name = Release;
		};
		CE9F87862AE810C700953ABA /* Debug */ = {
			isa = XCBuildConfiguration;
			buildSettings = {
				CODE_SIGN_IDENTITY = "Mac Developer";
				CODE_SIGN_STYLE = Automatic;
				CREATE_INFOPLIST_SECTION_IN_BINARY = YES;
				DEVELOPMENT_TEAM = 82CWTJRJZZ;
				ENABLE_HARDENED_RUNTIME = YES;
				INFOPLIST_FILE = "$(SRCROOT)/Helper/Info.plist";
				MACOSX_DEPLOYMENT_TARGET = 11.0;
				OTHER_LDFLAGS = (
					"-sectcreate",
					__TEXT,
					__launchd_plist,
					"$(SRCROOT)/$(TARGET_NAME)/launchd.plist",
				);
				PRODUCT_BUNDLE_IDENTIFIER = com.serena.Serph.helper;
				PRODUCT_NAME = com.serena.Serph.helper;
				SWIFT_OBJC_BRIDGING_HEADER = "$(SRCROOT)/$(TARGET_NAME)/Bridge.h";
				SWIFT_VERSION = 5.0;
			};
			name = Debug;
		};
		CE9F87872AE810C700953ABA /* Release */ = {
			isa = XCBuildConfiguration;
			buildSettings = {
				CODE_SIGN_IDENTITY = "Mac Developer";
				CODE_SIGN_STYLE = Automatic;
				CREATE_INFOPLIST_SECTION_IN_BINARY = YES;
				DEVELOPMENT_TEAM = 82CWTJRJZZ;
				ENABLE_HARDENED_RUNTIME = YES;
				INFOPLIST_FILE = "$(SRCROOT)/Helper/Info.plist";
				MACOSX_DEPLOYMENT_TARGET = 11.0;
				OTHER_LDFLAGS = (
					"-sectcreate",
					__TEXT,
					__launchd_plist,
					"$(SRCROOT)/$(TARGET_NAME)/launchd.plist",
				);
				PRODUCT_BUNDLE_IDENTIFIER = com.serena.Serph.helper;
				PRODUCT_NAME = com.serena.Serph.helper;
				SWIFT_OBJC_BRIDGING_HEADER = "$(SRCROOT)/$(TARGET_NAME)/Bridge.h";
				SWIFT_VERSION = 5.0;
			};
			name = Release;
		};
/* End XCBuildConfiguration section */

/* Begin XCConfigurationList section */
		CE9F87612AE80F9200953ABA /* Build configuration list for PBXProject "Serph" */ = {
			isa = XCConfigurationList;
			buildConfigurations = (
				CE9F87732AE80F9300953ABA /* Debug */,
				CE9F87742AE80F9300953ABA /* Release */,
			);
			defaultConfigurationIsVisible = 0;
			defaultConfigurationName = Release;
		};
		CE9F87752AE80F9300953ABA /* Build configuration list for PBXNativeTarget "Serph" */ = {
			isa = XCConfigurationList;
			buildConfigurations = (
				CE9F87762AE80F9300953ABA /* Debug */,
				CE9F87772AE80F9300953ABA /* Release */,
			);
			defaultConfigurationIsVisible = 0;
			defaultConfigurationName = Release;
		};
		CE9F87852AE810C700953ABA /* Build configuration list for PBXNativeTarget "Helper" */ = {
			isa = XCConfigurationList;
			buildConfigurations = (
				CE9F87862AE810C700953ABA /* Debug */,
				CE9F87872AE810C700953ABA /* Release */,
			);
			defaultConfigurationIsVisible = 0;
			defaultConfigurationName = Release;
		};
/* End XCConfigurationList section */
	};
	rootObject = CE9F875E2AE80F9200953ABA /* Project object */;
}
